
Microsoft Visual Studio Solution File, Format Version 12.00
Project("{FAE04EC0-301F-11D3-BF4B-00C04F79EFBC}") = "AbaxAPI", "AbaxAPI\AbaxAPI.csproj", "{3A3138F4-EC0C-47A8-A8AA-156749F8D224}"
EndProject
Project("{FAE04EC0-301F-11D3-BF4B-00C04F79EFBC}") = "AbaxService", "AbaxService\AbaxService.csproj", "{1E7B3283-CC7C-484F-8401-78EA0F8AFC0C}"
EndProject
Project("{2150E333-8FDC-42A3-9474-1A3956D46DE8}") = "test", "test", "{68880D62-4D49-432E-A3FF-0FFE40B14816}"
EndProject
Project("{FAE04EC0-301F-11D3-BF4B-00C04F79EFBC}") = "AbaxServiceTests", "AbaxServiceTests\AbaxServiceTests.csproj", "{B787FA65-2382-4C2A-9DE1-2BF42D7B3068}"
EndProject
Global
	GlobalSection(SolutionConfigurationPlatforms) = preSolution
		Debug|Any CPU = Debug|Any CPU
		Release|Any CPU = Release|Any CPU
	EndGlobalSection
	GlobalSection(ProjectConfigurationPlatforms) = postSolution
		{3A3138F4-EC0C-47A8-A8AA-156749F8D224}.Debug|Any CPU.ActiveCfg = Debug|Any CPU
		{3A3138F4-EC0C-47A8-A8AA-156749F8D224}.Debug|Any CPU.Build.0 = Debug|Any CPU
		{3A3138F4-EC0C-47A8-A8AA-156749F8D224}.Release|Any CPU.ActiveCfg = Release|Any CPU
		{3A3138F4-EC0C-47A8-A8AA-156749F8D224}.Release|Any CPU.Build.0 = Release|Any CPU
		{1E7B3283-CC7C-484F-8401-78EA0F8AFC0C}.Debug|Any CPU.ActiveCfg = Debug|Any CPU
		{1E7B3283-CC7C-484F-8401-78EA0F8AFC0C}.Debug|Any CPU.Build.0 = Debug|Any CPU
		{1E7B3283-CC7C-484F-8401-78EA0F8AFC0C}.Release|Any CPU.ActiveCfg = Release|Any CPU
		{1E7B3283-CC7C-484F-8401-78EA0F8AFC0C}.Release|Any CPU.Build.0 = Release|Any CPU
		{B787FA65-2382-4C2A-9DE1-2BF42D7B3068}.Debug|Any CPU.ActiveCfg = Debug|Any CPU
		{B787FA65-2382-4C2A-9DE1-2BF42D7B3068}.Debug|Any CPU.Build.0 = Debug|Any CPU
		{B787FA65-2382-4C2A-9DE1-2BF42D7B3068}.Release|Any CPU.ActiveCfg = Release|Any CPU
		{B787FA65-2382-4C2A-9DE1-2BF42D7B3068}.Release|Any CPU.Build.0 = Release|Any CPU
	EndGlobalSection
	GlobalSection(NestedProjects) = preSolution
		{B787FA65-2382-4C2A-9DE1-2BF42D7B3068} = {68880D62-4D49-432E-A3FF-0FFE40B14816}
	EndGlobalSection
EndGlobal
